// !$*UTF8*$!
{
	archiveVersion = 1;
	classes = {
	};
	objectVersion = 50;
	objects = {

/* Begin PBXBuildFile section */
		46BC981A25493F0F00D4DA39 /* AppDelegate.swift in Sources */ = {isa = PBXBuildFile; fileRef = 46BC981925493F0F00D4DA39 /* AppDelegate.swift */; };
		46BC981C25493F0F00D4DA39 /* SceneDelegate.swift in Sources */ = {isa = PBXBuildFile; fileRef = 46BC981B25493F0F00D4DA39 /* SceneDelegate.swift */; };
		46BC981E25493F0F00D4DA39 /* ViewController.swift in Sources */ = {isa = PBXBuildFile; fileRef = 46BC981D25493F0F00D4DA39 /* ViewController.swift */; };
		46BC982125493F0F00D4DA39 /* Main.storyboard in Resources */ = {isa = PBXBuildFile; fileRef = 46BC981F25493F0F00D4DA39 /* Main.storyboard */; };
		46BC982325493F1100D4DA39 /* Assets.xcassets in Resources */ = {isa = PBXBuildFile; fileRef = 46BC982225493F1100D4DA39 /* Assets.xcassets */; };
		46BC982625493F1100D4DA39 /* LaunchScreen.storyboard in Resources */ = {isa = PBXBuildFile; fileRef = 46BC982425493F1100D4DA39 /* LaunchScreen.storyboard */; };
		46BC98372549407100D4DA39 /* ConnectButton.swift in Sources */ = {isa = PBXBuildFile; fileRef = 46BC98362549407100D4DA39 /* ConnectButton.swift */; };
		46BC983B254940D500D4DA39 /* SpotifyiOS.framework in Frameworks */ = {isa = PBXBuildFile; fileRef = 46BC983A254940D500D4DA39 /* SpotifyiOS.framework */; };
/* End PBXBuildFile section */

/* Begin PBXFileReference section */
		46BC981625493F0F00D4DA39 /* MIXR-4.app */ = {isa = PBXFileReference; explicitFileType = wrapper.application; includeInIndex = 0; path = "MIXR-4.app"; sourceTree = BUILT_PRODUCTS_DIR; };
		46BC981925493F0F00D4DA39 /* AppDelegate.swift */ = {isa = PBXFileReference; lastKnownFileType = sourcecode.swift; path = AppDelegate.swift; sourceTree = "<group>"; };
		46BC981B25493F0F00D4DA39 /* SceneDelegate.swift */ = {isa = PBXFileReference; lastKnownFileType = sourcecode.swift; path = SceneDelegate.swift; sourceTree = "<group>"; };
		46BC981D25493F0F00D4DA39 /* ViewController.swift */ = {isa = PBXFileReference; lastKnownFileType = sourcecode.swift; path = ViewController.swift; sourceTree = "<group>"; };
		46BC982025493F0F00D4DA39 /* Base */ = {isa = PBXFileReference; lastKnownFileType = file.storyboard; name = Base; path = Base.lproj/Main.storyboard; sourceTree = "<group>"; };
		46BC982225493F1100D4DA39 /* Assets.xcassets */ = {isa = PBXFileReference; lastKnownFileType = folder.assetcatalog; path = Assets.xcassets; sourceTree = "<group>"; };
		46BC982525493F1100D4DA39 /* Base */ = {isa = PBXFileReference; lastKnownFileType = file.storyboard; name = Base; path = Base.lproj/LaunchScreen.storyboard; sourceTree = "<group>"; };
		46BC982725493F1100D4DA39 /* Info.plist */ = {isa = PBXFileReference; lastKnownFileType = text.plist.xml; path = Info.plist; sourceTree = "<group>"; };
		46BC98362549407100D4DA39 /* ConnectButton.swift */ = {isa = PBXFileReference; lastKnownFileType = sourcecode.swift; path = ConnectButton.swift; sourceTree = "<group>"; };
		46BC983A254940D500D4DA39 /* SpotifyiOS.framework */ = {isa = PBXFileReference; lastKnownFileType = wrapper.framework; name = SpotifyiOS.framework; path = "../../../ios-sdk-1.2.2 3/SpotifyiOS.framework"; sourceTree = "<group>"; };
		46BC983C254941D200D4DA39 /* MIXR-Bridging-Header.h */ = {isa = PBXFileReference; lastKnownFileType = sourcecode.c.h; path = "MIXR-Bridging-Header.h"; sourceTree = "<group>"; };
/* End PBXFileReference section */

/* Begin PBXFrameworksBuildPhase section */
		46BC981325493F0F00D4DA39 /* Frameworks */ = {
			isa = PBXFrameworksBuildPhase;
			buildActionMask = 2147483647;
			files = (
				46BC983B254940D500D4DA39 /* SpotifyiOS.framework in Frameworks */,
			);
			runOnlyForDeploymentPostprocessing = 0;
		};
/* End PBXFrameworksBuildPhase section */

/* Begin PBXGroup section */
		46BC980D25493F0F00D4DA39 = {
			isa = PBXGroup;
			children = (
				46BC981825493F0F00D4DA39 /* MIXR-4 */,
				46BC981725493F0F00D4DA39 /* Products */,
				46BC9839254940D500D4DA39 /* Frameworks */,
			);
			sourceTree = "<group>";
		};
		46BC981725493F0F00D4DA39 /* Products */ = {
			isa = PBXGroup;
			children = (
				46BC981625493F0F00D4DA39 /* MIXR-4.app */,
			);
			name = Products;
			sourceTree = "<group>";
		};
		46BC981825493F0F00D4DA39 /* MIXR-4 */ = {
			isa = PBXGroup;
			children = (
				46BC981925493F0F00D4DA39 /* AppDelegate.swift */,
				46BC98362549407100D4DA39 /* ConnectButton.swift */,
				46BC981B25493F0F00D4DA39 /* SceneDelegate.swift */,
				46BC981D25493F0F00D4DA39 /* ViewController.swift */,
				46BC981F25493F0F00D4DA39 /* Main.storyboard */,
				46BC982225493F1100D4DA39 /* Assets.xcassets */,
				46BC982425493F1100D4DA39 /* LaunchScreen.storyboard */,
				46BC982725493F1100D4DA39 /* Info.plist */,
				46BC983C254941D200D4DA39 /* MIXR-Bridging-Header.h */,
			);
			path = "MIXR-4";
			sourceTree = "<group>";
		};
		46BC9839254940D500D4DA39 /* Frameworks */ = {
			isa = PBXGroup;
			children = (
				46BC983A254940D500D4DA39 /* SpotifyiOS.framework */,
			);
			name = Frameworks;
			sourceTree = "<group>";
		};
/* End PBXGroup section */

/* Begin PBXNativeTarget section */
		46BC981525493F0F00D4DA39 /* MIXR-4 */ = {
			isa = PBXNativeTarget;
			buildConfigurationList = 46BC982A25493F1100D4DA39 /* Build configuration list for PBXNativeTarget "MIXR-4" */;
			buildPhases = (
				46BC981225493F0F00D4DA39 /* Sources */,
				46BC981325493F0F00D4DA39 /* Frameworks */,
				46BC981425493F0F00D4DA39 /* Resources */,
			);
			buildRules = (
			);
			dependencies = (
			);
			name = "MIXR-4";
			productName = "MIXR-4";
			productReference = 46BC981625493F0F00D4DA39 /* MIXR-4.app */;
			productType = "com.apple.product-type.application";
		};
/* End PBXNativeTarget section */

/* Begin PBXProject section */
		46BC980E25493F0F00D4DA39 /* Project object */ = {
			isa = PBXProject;
			attributes = {
				LastSwiftUpdateCheck = 1210;
				LastUpgradeCheck = 1210;
				TargetAttributes = {
					46BC981525493F0F00D4DA39 = {
						CreatedOnToolsVersion = 12.1;
					};
				};
			};
			buildConfigurationList = 46BC981125493F0F00D4DA39 /* Build configuration list for PBXProject "MIXR-4" */;
			compatibilityVersion = "Xcode 9.3";
			developmentRegion = en;
			hasScannedForEncodings = 0;
			knownRegions = (
				en,
				Base,
			);
			mainGroup = 46BC980D25493F0F00D4DA39;
			productRefGroup = 46BC981725493F0F00D4DA39 /* Products */;
			projectDirPath = "";
			projectRoot = "";
			targets = (
				46BC981525493F0F00D4DA39 /* MIXR-4 */,
			);
		};
/* End PBXProject section */

/* Begin PBXResourcesBuildPhase section */
		46BC981425493F0F00D4DA39 /* Resources */ = {
			isa = PBXResourcesBuildPhase;
			buildActionMask = 2147483647;
			files = (
				46BC982625493F1100D4DA39 /* LaunchScreen.storyboard in Resources */,
				46BC982325493F1100D4DA39 /* Assets.xcassets in Resources */,
				46BC982125493F0F00D4DA39 /* Main.storyboard in Resources */,
			);
			runOnlyForDeploymentPostprocessing = 0;
		};
/* End PBXResourcesBuildPhase section */

/* Begin PBXSourcesBuildPhase section */
		46BC981225493F0F00D4DA39 /* Sources */ = {
			isa = PBXSourcesBuildPhase;
			buildActionMask = 2147483647;
			files = (
				46BC98372549407100D4DA39 /* ConnectButton.swift in Sources */,
				46BC981E25493F0F00D4DA39 /* ViewController.swift in Sources */,
				46BC981A25493F0F00D4DA39 /* AppDelegate.swift in Sources */,
				46BC981C25493F0F00D4DA39 /* SceneDelegate.swift in Sources */,
			);
			runOnlyForDeploymentPostprocessing = 0;
		};
/* End PBXSourcesBuildPhase section */

/* Begin PBXVariantGroup section */
		46BC981F25493F0F00D4DA39 /* Main.storyboard */ = {
			isa = PBXVariantGroup;
			children = (
				46BC982025493F0F00D4DA39 /* Base */,
			);
			name = Main.storyboard;
			sourceTree = "<group>";
		};
		46BC982425493F1100D4DA39 /* LaunchScreen.storyboard */ = {
			isa = PBXVariantGroup;
			children = (
				46BC982525493F1100D4DA39 /* Base */,
			);
			name = LaunchScreen.storyboard;
			sourceTree = "<group>";
		};
/* End PBXVariantGroup section */

/* Begin XCBuildConfiguration section */
		46BC982825493F1100D4DA39 /* Debug */ = {
			isa = XCBuildConfiguration;
			buildSettings = {
				ALWAYS_SEARCH_USER_PATHS = NO;
				CLANG_ANALYZER_NONNULL = YES;
				CLANG_ANALYZER_NUMBER_OBJECT_CONVERSION = YES_AGGRESSIVE;
				CLANG_CXX_LANGUAGE_STANDARD = "gnu++14";
				CLANG_CXX_LIBRARY = "libc++";
				CLANG_ENABLE_MODULES = YES;
				CLANG_ENABLE_OBJC_ARC = YES;
				CLANG_ENABLE_OBJC_WEAK = YES;
				CLANG_WARN_BLOCK_CAPTURE_AUTORELEASING = YES;
				CLANG_WARN_BOOL_CONVERSION = YES;
				CLANG_WARN_COMMA = YES;
				CLANG_WARN_CONSTANT_CONVERSION = YES;
				CLANG_WARN_DEPRECATED_OBJC_IMPLEMENTATIONS = YES;
				CLANG_WARN_DIRECT_OBJC_ISA_USAGE = YES_ERROR;
				CLANG_WARN_DOCUMENTATION_COMMENTS = YES;
				CLANG_WARN_EMPTY_BODY = YES;
				CLANG_WARN_ENUM_CONVERSION = YES;
				CLANG_WARN_INFINITE_RECURSION = YES;
				CLANG_WARN_INT_CONVERSION = YES;
				CLANG_WARN_NON_LITERAL_NULL_CONVERSION = YES;
				CLANG_WARN_OBJC_IMPLICIT_RETAIN_SELF = YES;
				CLANG_WARN_OBJC_LITERAL_CONVERSION = YES;
				CLANG_WARN_OBJC_ROOT_CLASS = YES_ERROR;
				CLANG_WARN_QUOTED_INCLUDE_IN_FRAMEWORK_HEADER = YES;
				CLANG_WARN_RANGE_LOOP_ANALYSIS = YES;
				CLANG_WARN_STRICT_PROTOTYPES = YES;
				CLANG_WARN_SUSPICIOUS_MOVE = YES;
				CLANG_WARN_UNGUARDED_AVAILABILITY = YES_AGGRESSIVE;
				CLANG_WARN_UNREACHABLE_CODE = YES;
				CLANG_WARN__DUPLICATE_METHOD_MATCH = YES;
				COPY_PHASE_STRIP = NO;
				DEBUG_INFORMATION_FORMAT = dwarf;
				ENABLE_STRICT_OBJC_MSGSEND = YES;
				ENABLE_TESTABILITY = YES;
				GCC_C_LANGUAGE_STANDARD = gnu11;
				GCC_DYNAMIC_NO_PIC = NO;
				GCC_NO_COMMON_BLOCKS = YES;
				GCC_OPTIMIZATION_LEVEL = 0;
				GCC_PREPROCESSOR_DEFINITIONS = (
					"DEBUG=1",
					"$(inherited)",
				);
				GCC_WARN_64_TO_32_BIT_CONVERSION = YES;
				GCC_WARN_ABOUT_RETURN_TYPE = YES_ERROR;
				GCC_WARN_UNDECLARED_SELECTOR = YES;
				GCC_WARN_UNINITIALIZED_AUTOS = YES_AGGRESSIVE;
				GCC_WARN_UNUSED_FUNCTION = YES;
				GCC_WARN_UNUSED_VARIABLE = YES;
				IPHONEOS_DEPLOYMENT_TARGET = 14.1;
				MTL_ENABLE_DEBUG_INFO = INCLUDE_SOURCE;
				MTL_FAST_MATH = YES;
				ONLY_ACTIVE_ARCH = YES;
				SDKROOT = iphoneos;
				SWIFT_ACTIVE_COMPILATION_CONDITIONS = DEBUG;
				SWIFT_OPTIMIZATION_LEVEL = "-Onone";
			};
			name = Debug;
		};
		46BC982925493F1100D4DA39 /* Release */ = {
			isa = XCBuildConfiguration;
			buildSettings = {
				ALWAYS_SEARCH_USER_PATHS = NO;
				CLANG_ANALYZER_NONNULL = YES;
				CLANG_ANALYZER_NUMBER_OBJECT_CONVERSION = YES_AGGRESSIVE;
				CLANG_CXX_LANGUAGE_STANDARD = "gnu++14";
				CLANG_CXX_LIBRARY = "libc++";
				CLANG_ENABLE_MODULES = YES;
				CLANG_ENABLE_OBJC_ARC = YES;
				CLANG_ENABLE_OBJC_WEAK = YES;
				CLANG_WARN_BLOCK_CAPTURE_AUTORELEASING = YES;
				CLANG_WARN_BOOL_CONVERSION = YES;
				CLANG_WARN_COMMA = YES;
				CLANG_WARN_CONSTANT_CONVERSION = YES;
				CLANG_WARN_DEPRECATED_OBJC_IMPLEMENTATIONS = YES;
				CLANG_WARN_DIRECT_OBJC_ISA_USAGE = YES_ERROR;
				CLANG_WARN_DOCUMENTATION_COMMENTS = YES;
				CLANG_WARN_EMPTY_BODY = YES;
				CLANG_WARN_ENUM_CONVERSION = YES;
				CLANG_WARN_INFINITE_RECURSION = YES;
				CLANG_WARN_INT_CONVERSION = YES;
				CLANG_WARN_NON_LITERAL_NULL_CONVERSION = YES;
				CLANG_WARN_OBJC_IMPLICIT_RETAIN_SELF = YES;
				CLANG_WARN_OBJC_LITERAL_CONVERSION = YES;
				CLANG_WARN_OBJC_ROOT_CLASS = YES_ERROR;
				CLANG_WARN_QUOTED_INCLUDE_IN_FRAMEWORK_HEADER = YES;
				CLANG_WARN_RANGE_LOOP_ANALYSIS = YES;
				CLANG_WARN_STRICT_PROTOTYPES = YES;
				CLANG_WARN_SUSPICIOUS_MOVE = YES;
				CLANG_WARN_UNGUARDED_AVAILABILITY = YES_AGGRESSIVE;
				CLANG_WARN_UNREACHABLE_CODE = YES;
				CLANG_WARN__DUPLICATE_METHOD_MATCH = YES;
				COPY_PHASE_STRIP = NO;
				DEBUG_INFORMATION_FORMAT = "dwarf-with-dsym";
				ENABLE_NS_ASSERTIONS = NO;
				ENABLE_STRICT_OBJC_MSGSEND = YES;
				GCC_C_LANGUAGE_STANDARD = gnu11;
				GCC_NO_COMMON_BLOCKS = YES;
				GCC_WARN_64_TO_32_BIT_CONVERSION = YES;
				GCC_WARN_ABOUT_RETURN_TYPE = YES_ERROR;
				GCC_WARN_UNDECLARED_SELECTOR = YES;
				GCC_WARN_UNINITIALIZED_AUTOS = YES_AGGRESSIVE;
				GCC_WARN_UNUSED_FUNCTION = YES;
				GCC_WARN_UNUSED_VARIABLE = YES;
				IPHONEOS_DEPLOYMENT_TARGET = 14.1;
				MTL_ENABLE_DEBUG_INFO = NO;
				MTL_FAST_MATH = YES;
				SDKROOT = iphoneos;
				SWIFT_COMPILATION_MODE = wholemodule;
				SWIFT_OPTIMIZATION_LEVEL = "-O";
				VALIDATE_PRODUCT = YES;
			};
			name = Release;
		};
		46BC982B25493F1100D4DA39 /* Debug */ = {
			isa = XCBuildConfiguration;
			buildSettings = {
				ASSETCATALOG_COMPILER_APPICON_NAME = AppIcon;
				ASSETCATALOG_COMPILER_GLOBAL_ACCENT_COLOR_NAME = AccentColor;
				CODE_SIGN_STYLE = Automatic;
				DEVELOPMENT_TEAM = 7KYC95JHNB;
				INFOPLIST_FILE = "MIXR-4/Info.plist";
				LD_RUNPATH_SEARCH_PATHS = (
					"$(inherited)",
					"@executable_path/Frameworks",
				);
				PRODUCT_BUNDLE_IDENTIFIER = "T10.MIXR-4";
				PRODUCT_NAME = "$(TARGET_NAME)";
				SWIFT_VERSION = 5.0;
				TARGETED_DEVICE_FAMILY = "1,2";
			};
			name = Debug;
		};
		46BC982C25493F1100D4DA39 /* Release */ = {
			isa = XCBuildConfiguration;
			buildSettings = {
				ASSETCATALOG_COMPILER_APPICON_NAME = AppIcon;
				ASSETCATALOG_COMPILER_GLOBAL_ACCENT_COLOR_NAME = AccentColor;
				CODE_SIGN_STYLE = Automatic;
				DEVELOPMENT_TEAM = 7KYC95JHNB;
				INFOPLIST_FILE = "MIXR-4/Info.plist";
				LD_RUNPATH_SEARCH_PATHS = (
					"$(inherited)",
					"@executable_path/Frameworks",
				);
				PRODUCT_BUNDLE_IDENTIFIER = "T10.MIXR-4";
				PRODUCT_NAME = "$(TARGET_NAME)";
				SWIFT_VERSION = 5.0;
				TARGETED_DEVICE_FAMILY = "1,2";
			};
			name = Release;
		};
/* End XCBuildConfiguration section */

/* Begin XCConfigurationList section */
		46BC981125493F0F00D4DA39 /* Build configuration list for PBXProject "MIXR-4" */ = {
			isa = XCConfigurationList;
			buildConfigurations = (
				46BC982825493F1100D4DA39 /* Debug */,
				46BC982925493F1100D4DA39 /* Release */,
			);
			defaultConfigurationIsVisible = 0;
			defaultConfigurationName = Release;
		};
		46BC982A25493F1100D4DA39 /* Build configuration list for PBXNativeTarget "MIXR-4" */ = {
			isa = XCConfigurationList;
			buildConfigurations = (
				46BC982B25493F1100D4DA39 /* Debug */,
				46BC982C25493F1100D4DA39 /* Release */,
			);
			defaultConfigurationIsVisible = 0;
			defaultConfigurationName = Release;
		};
/* End XCConfigurationList section */
	};
	rootObject = 46BC980E25493F0F00D4DA39 /* Project object */;
}
